{
  "name": "slice_tool",
  "version": "1.0.0",
  "lockfileVersion": 3,
  "requires": true,
  "packages": {
    "": {
      "name": "slice_tool",
      "version": "1.0.0",
      "license": "ISC",
      "dependencies": {
        "@gmod/tabix": "^3.3.1",
        "@gmod/vcf": "^7.0.0",
        "generic-filehandle": "^3.4.0"
      }
    },
    "node_modules/@gmod/abortable-promise-cache": {
      "version": "3.0.4",
      "resolved": "https://registry.npmjs.org/@gmod/abortable-promise-cache/-/abortable-promise-cache-3.0.4.tgz",
      "integrity": "sha512-kxRJj5fyRKFuZDp/YvnHeadYCV2EEUKyH2T4a2Iz9O7T/thOWWHUDiiD/Mg6WZP/RNNDIcfSHl/xVHHy/+j8qg==",
      "license": "MIT"
    },
    "node_modules/@gmod/bgzf-filehandle": {
      "version": "6.0.18",
      "resolved": "https://registry.npmjs.org/@gmod/bgzf-filehandle/-/bgzf-filehandle-6.0.18.tgz",
      "integrity": "sha512-nvlzcKQsXAfmPLqv3XbFr/Ah68k7xp59xN107pbjwgh/nqqdBmRhpL1+61kqi2UseM9gwHo2KwshG95H7TXAYA==",
      "license": "MIT",
      "dependencies": {
        "@jbrowse/quick-lru": "^7.3.5",
        "generic-filehandle2": "^2.1.4",
        "pako-esm2": "^2.0.2"
      }
    },
    "node_modules/@gmod/tabix": {
      "version": "3.3.1",
      "resolved": "https://registry.npmjs.org/@gmod/tabix/-/tabix-3.3.1.tgz",
      "integrity": "sha512-i7RTRYVwXlQM9vWKGIn5D1z5s30+7Bjr6TbXrCCutLNJvdrUiE/DaJAO9eswToajT020Mh5P9+Odruk0OgiL8g==",
      "license": "MIT",
      "dependencies": {
        "@gmod/abortable-promise-cache": "^3.0.4",
        "@gmod/bgzf-filehandle": "^6.0.12",
        "@jbrowse/quick-lru": "^7.3.5",
        "generic-filehandle2": "^2.1.4"
      }
    },
    "node_modules/@gmod/vcf": {
      "version": "7.0.0",
      "resolved": "https://registry.npmjs.org/@gmod/vcf/-/vcf-7.0.0.tgz",
      "integrity": "sha512-nuGPtm/reJHvhdxgAGV8qU7BNyC8i6FUh6T+hktTSAtBmnipV74vs6f+vo2qeZRx9S1yPmhmPneT3EX38xXClg==",
      "license": "MIT",
      "engines": {
        "node": ">=6"
      }
    },
    "node_modules/@jbrowse/quick-lru": {
      "version": "7.3.5",
      "resolved": "https://registry.npmjs.org/@jbrowse/quick-lru/-/quick-lru-7.3.5.tgz",
      "integrity": "sha512-DPEtODWKt+QGmCg+EO36sSmKOmdjJOwtxeV/4PBnf+7jqC/P7R4YIz+/yohtqh9UZ38dbLtXIlmigPlkZy8SAA==",
      "license": "MIT",
      "engines": {
        "node": ">=18"
      }
    },
    "node_modules/es6-promisify": {
      "version": "6.1.1",
      "resolved": "https://registry.npmjs.org/es6-promisify/-/es6-promisify-6.1.1.tgz",
      "integrity": "sha512-HBL8I3mIki5C1Cc9QjKUenHtnG0A5/xA8Q/AllRcfiwl2CZFXGK7ddBiCoRwAix4i2KxcQfjtIVcrVbB3vbmwg==",
      "license": "MIT"
    },
    "node_modules/generic-filehandle": {
      "version": "3.4.0",
      "resolved": "https://registry.npmjs.org/generic-filehandle/-/generic-filehandle-3.4.0.tgz",
      "integrity": "sha512-HQh9z5tDB/lWsMbjnGXjGVvKuYzM3JR9Fhb9hk1rESB6RQ1yGJGllnx4N2Hv795eyekzsfUaYBIE5AoGucacog==",
      "license": "MIT",
      "dependencies": {
        "es6-promisify": "^6.1.1"
      },
      "engines": {
        "node": ">=12"
      }
    },
    "node_modules/generic-filehandle2": {
      "version": "2.1.4",
      "resolved": "https://registry.npmjs.org/generic-filehandle2/-/generic-filehandle2-2.1.4.tgz",
      "integrity": "sha512-v50AM/0Ei8RkhLCGHE4QrxEdxX53pjnZCrPaO+yvTGZfFQjCeHcULBl8Qw1bmnGHj/eOOTMwLpW1zuZY3eQ1rA==",
      "license": "MIT",
      "engines": {
        "node": ">=14"
      }
    },
    "node_modules/pako-esm2": {
      "version": "2.0.2",
      "resolved": "https://registry.npmjs.org/pako-esm2/-/pako-esm2-2.0.2.tgz",
      "integrity": "sha512-bm+PwddAyroj8Ny8tNuLepGW28OUdI2b/PkvhaW2jHBVZ5fgcR1xsrLPiOKwk8LoXyc1az2NdHlvICBN2BjR6Q==",
      "license": "MIT"
    }
  }
}
